# THIS IS AN AUTOGENERATED FILE. DO NOT EDIT THIS FILE DIRECTLY.
# yarn lockfile v1


folktale@^2.3.2:
  version "2.3.2"
  resolved "https://registry.npm.taobao.org/folktale/download/folktale-2.3.2.tgz#38231b039e5ef36989920cbf805bf6b227bf4fd4"
  integrity sha1-OCMbA55e82mJkgy/gFv2sie/T9Q=

loadsh@0.0.4:
  version "0.0.4"
  resolved "https://registry.npm.taobao.org/loadsh/download/loadsh-0.0.4.tgz#5314babd12bb13315dde024a4ca70758c5489d2d"
  integrity sha1-UxS6vRK7EzFd3gJKTKcHWMVInS0=

lodash@^4.17.21:
  version "4.17.21"
  resolved "https://registry.npm.taobao.org/lodash/download/lodash-4.17.21.tgz?cache=0&sync_timestamp=1613835860585&other_urls=https%3A%2F%2Fregistry.npm.taobao.org%2Flodash%2Fdownload%2Flodash-4.17.21.tgz#679591c564c3bffaae8454cf0b3df370c3d6911c"
  integrity sha1-Z5WRxWTDv/quhFTPCz3zcMPWkRw=
